
Microsoft Visual Studio Solution File, Format Version 12.00
# Visual Studio Version 16
VisualStudioVersion = 16.0.31205.134
MinimumVisualStudioVersion = 10.0.40219.1
Project("{9A19103F-16F7-4668-BE54-9A1E7A4F7556}") = "JakePerry.ReverseEnumeration", "JakePerry.ReverseEnumeration\JakePerry.ReverseEnumeration.csproj", "{6610412D-5D78-4769-9FAB-9F856FDEF04D}"
EndProject
Project("{FAE04EC0-301F-11D3-BF4B-00C04F79EFBC}") = "JakePerry.ReverseEnumeration.Tests", "JakePerry.ReverseEnumeration.Tests\JakePerry.ReverseEnumeration.Tests.csproj", "{18DDA710-0739-41CC-BC3B-892AE40012F3}"
EndProject
Project("{FAE04EC0-301F-11D3-BF4B-00C04F79EFBC}") = "JakePerry.ReverseEnumeration.Benchmarks", "JakePerry.ReverseEnumeration.Benchmarks\JakePerry.ReverseEnumeration.Benchmarks.csproj", "{6BE371E1-6960-42C1-A815-D8FF9AD90774}"
EndProject
Global
	GlobalSection(SolutionConfigurationPlatforms) = preSolution
		Debug|Any CPU = Debug|Any CPU
		Release|Any CPU = Release|Any CPU
	EndGlobalSection
	GlobalSection(ProjectConfigurationPlatforms) = postSolution
		{6610412D-5D78-4769-9FAB-9F856FDEF04D}.Debug|Any CPU.ActiveCfg = Debug|Any CPU
		{6610412D-5D78-4769-9FAB-9F856FDEF04D}.Debug|Any CPU.Build.0 = Debug|Any CPU
		{6610412D-5D78-4769-9FAB-9F856FDEF04D}.Release|Any CPU.ActiveCfg = Release|Any CPU
		{6610412D-5D78-4769-9FAB-9F856FDEF04D}.Release|Any CPU.Build.0 = Release|Any CPU
		{18DDA710-0739-41CC-BC3B-892AE40012F3}.Debug|Any CPU.ActiveCfg = Debug|Any CPU
		{18DDA710-0739-41CC-BC3B-892AE40012F3}.Debug|Any CPU.Build.0 = Debug|Any CPU
		{18DDA710-0739-41CC-BC3B-892AE40012F3}.Release|Any CPU.ActiveCfg = Release|Any CPU
		{18DDA710-0739-41CC-BC3B-892AE40012F3}.Release|Any CPU.Build.0 = Release|Any CPU
		{6BE371E1-6960-42C1-A815-D8FF9AD90774}.Debug|Any CPU.ActiveCfg = Debug|Any CPU
		{6BE371E1-6960-42C1-A815-D8FF9AD90774}.Debug|Any CPU.Build.0 = Debug|Any CPU
		{6BE371E1-6960-42C1-A815-D8FF9AD90774}.Release|Any CPU.ActiveCfg = Release|Any CPU
		{6BE371E1-6960-42C1-A815-D8FF9AD90774}.Release|Any CPU.Build.0 = Release|Any CPU
	EndGlobalSection
	GlobalSection(SolutionProperties) = preSolution
		HideSolutionNode = FALSE
	EndGlobalSection
	GlobalSection(ExtensibilityGlobals) = postSolution
		SolutionGuid = {87C52980-5CA9-4DEE-9E8A-48E868D87A3E}
	EndGlobalSection
EndGlobal
